
Microsoft Visual Studio Solution File, Format Version 12.00
# Visual Studio Version 16
VisualStudioVersion = 16.0.31205.134
MinimumVisualStudioVersion = 10.0.40219.1
Project("{9A19103F-16F7-4668-BE54-9A1E7A4F7556}") = "SwivelWeb", "SwivelWeb\SwivelWeb.csproj", "{15E49E9F-7CA7-487F-A123-CA6FE316800C}"
EndProject
Project("{FAE04EC0-301F-11D3-BF4B-00C04F79EFBC}") = "SwivelWeb.UnitTests", "SwivelWeb.UnitTests\SwivelWeb.UnitTests.csproj", "{AB1AD0E8-5800-4EFA-B068-781B28941B15}"
EndProject
Global
	GlobalSection(SolutionConfigurationPlatforms) = preSolution
		Debug|Any CPU = Debug|Any CPU
		Release|Any CPU = Release|Any CPU
	EndGlobalSection
	GlobalSection(ProjectConfigurationPlatforms) = postSolution
		{15E49E9F-7CA7-487F-A123-CA6FE316800C}.Debug|Any CPU.ActiveCfg = Debug|Any CPU
		{15E49E9F-7CA7-487F-A123-CA6FE316800C}.Debug|Any CPU.Build.0 = Debug|Any CPU
		{15E49E9F-7CA7-487F-A123-CA6FE316800C}.Release|Any CPU.ActiveCfg = Release|Any CPU
		{15E49E9F-7CA7-487F-A123-CA6FE316800C}.Release|Any CPU.Build.0 = Release|Any CPU
		{AB1AD0E8-5800-4EFA-B068-781B28941B15}.Debug|Any CPU.ActiveCfg = Debug|Any CPU
		{AB1AD0E8-5800-4EFA-B068-781B28941B15}.Debug|Any CPU.Build.0 = Debug|Any CPU
		{AB1AD0E8-5800-4EFA-B068-781B28941B15}.Release|Any CPU.ActiveCfg = Release|Any CPU
		{AB1AD0E8-5800-4EFA-B068-781B28941B15}.Release|Any CPU.Build.0 = Release|Any CPU
	EndGlobalSection
	GlobalSection(SolutionProperties) = preSolution
		HideSolutionNode = FALSE
	EndGlobalSection
	GlobalSection(ExtensibilityGlobals) = postSolution
		SolutionGuid = {15050E27-D36B-4B71-91E6-D67C7EFC0967}
	EndGlobalSection
EndGlobal
